
Microsoft Visual Studio Solution File, Format Version 12.00
# Visual Studio 14
VisualStudioVersion = 14.0.24720.0
MinimumVisualStudioVersion = 10.0.40219.1
Project("{8BC9CEB8-8B4A-11D0-8D11-00A0C91BC942}") = "polinom_lib", "polinom_lib\polinom_lib.vcxproj", "{9BD1C0BA-FA09-43D3-8FEE-A96A6C53B04B}"
EndProject
Project("{8BC9CEB8-8B4A-11D0-8D11-00A0C91BC942}") = "gtest", "gtest\gtest.vcxproj", "{24A01B1E-FBFA-4DF7-95DF-11C16A957151}"
EndProject
Project("{8BC9CEB8-8B4A-11D0-8D11-00A0C91BC942}") = "table_lib", "table_lib\table_lib.vcxproj", "{0C71307E-0C47-43B8-897C-917D81ADE1C9}"
EndProject
Project("{8BC9CEB8-8B4A-11D0-8D11-00A0C91BC942}") = "sample_table", "sample_table\sample_table.vcxproj", "{3807B10C-F3EB-4784-A630-2926ECD27549}"
	ProjectSection(ProjectDependencies) = postProject
		{0C71307E-0C47-43B8-897C-917D81ADE1C9} = {0C71307E-0C47-43B8-897C-917D81ADE1C9}
		{9BD1C0BA-FA09-43D3-8FEE-A96A6C53B04B} = {9BD1C0BA-FA09-43D3-8FEE-A96A6C53B04B}
	EndProjectSection
EndProject
Project("{8BC9CEB8-8B4A-11D0-8D11-00A0C91BC942}") = "test_table", "tests\tests.vcxproj", "{E6496E18-FE2F-4231-889A-BAA6A63A17C0}"
	ProjectSection(ProjectDependencies) = postProject
		{24A01B1E-FBFA-4DF7-95DF-11C16A957151} = {24A01B1E-FBFA-4DF7-95DF-11C16A957151}
		{0C71307E-0C47-43B8-897C-917D81ADE1C9} = {0C71307E-0C47-43B8-897C-917D81ADE1C9}
		{9BD1C0BA-FA09-43D3-8FEE-A96A6C53B04B} = {9BD1C0BA-FA09-43D3-8FEE-A96A6C53B04B}
	EndProjectSection
EndProject
Project("{8BC9CEB8-8B4A-11D0-8D11-00A0C91BC942}") = "test_polinom", "test_polinom\test_polinom.vcxproj", "{926BA96C-5B0D-4C5A-8EA3-291FB1673178}"
	ProjectSection(ProjectDependencies) = postProject
		{24A01B1E-FBFA-4DF7-95DF-11C16A957151} = {24A01B1E-FBFA-4DF7-95DF-11C16A957151}
		{9BD1C0BA-FA09-43D3-8FEE-A96A6C53B04B} = {9BD1C0BA-FA09-43D3-8FEE-A96A6C53B04B}
	EndProjectSection
EndProject
Global
	GlobalSection(SolutionConfigurationPlatforms) = preSolution
		Debug|x64 = Debug|x64
		Debug|x86 = Debug|x86
		Release|x64 = Release|x64
		Release|x86 = Release|x86
	EndGlobalSection
	GlobalSection(ProjectConfigurationPlatforms) = postSolution
		{9BD1C0BA-FA09-43D3-8FEE-A96A6C53B04B}.Debug|x64.ActiveCfg = Debug|x64
		{9BD1C0BA-FA09-43D3-8FEE-A96A6C53B04B}.Debug|x64.Build.0 = Debug|x64
		{9BD1C0BA-FA09-43D3-8FEE-A96A6C53B04B}.Debug|x86.ActiveCfg = Debug|Win32
		{9BD1C0BA-FA09-43D3-8FEE-A96A6C53B04B}.Debug|x86.Build.0 = Debug|Win32
		{9BD1C0BA-FA09-43D3-8FEE-A96A6C53B04B}.Release|x64.ActiveCfg = Release|x64
		{9BD1C0BA-FA09-43D3-8FEE-A96A6C53B04B}.Release|x64.Build.0 = Release|x64
		{9BD1C0BA-FA09-43D3-8FEE-A96A6C53B04B}.Release|x86.ActiveCfg = Release|Win32
		{9BD1C0BA-FA09-43D3-8FEE-A96A6C53B04B}.Release|x86.Build.0 = Release|Win32
		{24A01B1E-FBFA-4DF7-95DF-11C16A957151}.Debug|x64.ActiveCfg = Debug|x64
		{24A01B1E-FBFA-4DF7-95DF-11C16A957151}.Debug|x64.Build.0 = Debug|x64
		{24A01B1E-FBFA-4DF7-95DF-11C16A957151}.Debug|x86.ActiveCfg = Debug|Win32
		{24A01B1E-FBFA-4DF7-95DF-11C16A957151}.Debug|x86.Build.0 = Debug|Win32
		{24A01B1E-FBFA-4DF7-95DF-11C16A957151}.Release|x64.ActiveCfg = Release|x64
		{24A01B1E-FBFA-4DF7-95DF-11C16A957151}.Release|x64.Build.0 = Release|x64
		{24A01B1E-FBFA-4DF7-95DF-11C16A957151}.Release|x86.ActiveCfg = Release|Win32
		{24A01B1E-FBFA-4DF7-95DF-11C16A957151}.Release|x86.Build.0 = Release|Win32
		{0C71307E-0C47-43B8-897C-917D81ADE1C9}.Debug|x64.ActiveCfg = Debug|x64
		{0C71307E-0C47-43B8-897C-917D81ADE1C9}.Debug|x64.Build.0 = Debug|x64
		{0C71307E-0C47-43B8-897C-917D81ADE1C9}.Debug|x86.ActiveCfg = Debug|Win32
		{0C71307E-0C47-43B8-897C-917D81ADE1C9}.Debug|x86.Build.0 = Debug|Win32
		{0C71307E-0C47-43B8-897C-917D81ADE1C9}.Release|x64.ActiveCfg = Release|x64
		{0C71307E-0C47-43B8-897C-917D81ADE1C9}.Release|x64.Build.0 = Release|x64
		{0C71307E-0C47-43B8-897C-917D81ADE1C9}.Release|x86.ActiveCfg = Release|Win32
		{0C71307E-0C47-43B8-897C-917D81ADE1C9}.Release|x86.Build.0 = Release|Win32
		{3807B10C-F3EB-4784-A630-2926ECD27549}.Debug|x64.ActiveCfg = Debug|x64
		{3807B10C-F3EB-4784-A630-2926ECD27549}.Debug|x64.Build.0 = Debug|x64
		{3807B10C-F3EB-4784-A630-2926ECD27549}.Debug|x86.ActiveCfg = Debug|Win32
		{3807B10C-F3EB-4784-A630-2926ECD27549}.Debug|x86.Build.0 = Debug|Win32
		{3807B10C-F3EB-4784-A630-2926ECD27549}.Release|x64.ActiveCfg = Release|x64
		{3807B10C-F3EB-4784-A630-2926ECD27549}.Release|x64.Build.0 = Release|x64
		{3807B10C-F3EB-4784-A630-2926ECD27549}.Release|x86.ActiveCfg = Release|Win32
		{3807B10C-F3EB-4784-A630-2926ECD27549}.Release|x86.Build.0 = Release|Win32
		{E6496E18-FE2F-4231-889A-BAA6A63A17C0}.Debug|x64.ActiveCfg = Debug|x64
		{E6496E18-FE2F-4231-889A-BAA6A63A17C0}.Debug|x64.Build.0 = Debug|x64
		{E6496E18-FE2F-4231-889A-BAA6A63A17C0}.Debug|x86.ActiveCfg = Debug|Win32
		{E6496E18-FE2F-4231-889A-BAA6A63A17C0}.Debug|x86.Build.0 = Debug|Win32
		{E6496E18-FE2F-4231-889A-BAA6A63A17C0}.Release|x64.ActiveCfg = Release|x64
		{E6496E18-FE2F-4231-889A-BAA6A63A17C0}.Release|x64.Build.0 = Release|x64
		{E6496E18-FE2F-4231-889A-BAA6A63A17C0}.Release|x86.ActiveCfg = Release|Win32
		{E6496E18-FE2F-4231-889A-BAA6A63A17C0}.Release|x86.Build.0 = Release|Win32
		{926BA96C-5B0D-4C5A-8EA3-291FB1673178}.Debug|x64.ActiveCfg = Debug|x64
		{926BA96C-5B0D-4C5A-8EA3-291FB1673178}.Debug|x64.Build.0 = Debug|x64
		{926BA96C-5B0D-4C5A-8EA3-291FB1673178}.Debug|x86.ActiveCfg = Debug|Win32
		{926BA96C-5B0D-4C5A-8EA3-291FB1673178}.Debug|x86.Build.0 = Debug|Win32
		{926BA96C-5B0D-4C5A-8EA3-291FB1673178}.Release|x64.ActiveCfg = Release|x64
		{926BA96C-5B0D-4C5A-8EA3-291FB1673178}.Release|x64.Build.0 = Release|x64
		{926BA96C-5B0D-4C5A-8EA3-291FB1673178}.Release|x86.ActiveCfg = Release|Win32
		{926BA96C-5B0D-4C5A-8EA3-291FB1673178}.Release|x86.Build.0 = Release|Win32
	EndGlobalSection
	GlobalSection(SolutionProperties) = preSolution
		HideSolutionNode = FALSE
	EndGlobalSection
	GlobalSection(ExtensibilityGlobals) = postSolution
		SolutionGuid = {E3588029-E54D-4073-B7E4-FD9A303E8452}
	EndGlobalSection
EndGlobal
